
Microsoft Visual Studio Solution File, Format Version 12.00
# Visual Studio Version 16
VisualStudioVersion = 16.0.29411.108
MinimumVisualStudioVersion = 10.0.40219.1
Project("{FAE04EC0-301F-11D3-BF4B-00C04F79EFBC}") = "GPLA", "GPLA\GPLA.csproj", "{4AF0159A-D9AD-495D-8CF7-A88136A01E7E}"
EndProject
Project("{FAE04EC0-301F-11D3-BF4B-00C04F79EFBC}") = "GPLA_Tests", "GPLA_Tests\GPLA_Tests.csproj", "{89C1CBDA-F7B5-4864-8622-0F4161AFA993}"
EndProject
Global
	GlobalSection(SolutionConfigurationPlatforms) = preSolution
		Debug|Any CPU = Debug|Any CPU
		Release|Any CPU = Release|Any CPU
	EndGlobalSection
	GlobalSection(ProjectConfigurationPlatforms) = postSolution
		{4AF0159A-D9AD-495D-8CF7-A88136A01E7E}.Debug|Any CPU.ActiveCfg = Debug|Any CPU
		{4AF0159A-D9AD-495D-8CF7-A88136A01E7E}.Debug|Any CPU.Build.0 = Debug|Any CPU
		{4AF0159A-D9AD-495D-8CF7-A88136A01E7E}.Release|Any CPU.ActiveCfg = Release|Any CPU
		{4AF0159A-D9AD-495D-8CF7-A88136A01E7E}.Release|Any CPU.Build.0 = Release|Any CPU
		{89C1CBDA-F7B5-4864-8622-0F4161AFA993}.Debug|Any CPU.ActiveCfg = Debug|Any CPU
		{89C1CBDA-F7B5-4864-8622-0F4161AFA993}.Debug|Any CPU.Build.0 = Debug|Any CPU
		{89C1CBDA-F7B5-4864-8622-0F4161AFA993}.Release|Any CPU.ActiveCfg = Release|Any CPU
		{89C1CBDA-F7B5-4864-8622-0F4161AFA993}.Release|Any CPU.Build.0 = Release|Any CPU
	EndGlobalSection
	GlobalSection(SolutionProperties) = preSolution
		HideSolutionNode = FALSE
	EndGlobalSection
	GlobalSection(ExtensibilityGlobals) = postSolution
		SolutionGuid = {2764E14C-0CDC-4C92-9B7C-23B8E0403A8B}
	EndGlobalSection
EndGlobal
